{
  "name": "serverless-warmup-plugin-example",
  "version": "1.0.0",
  "lockfileVersion": 1,
  "requires": true,
  "dependencies": {
    "serverless-plugin-warmup": {
      "version": "5.2.1",
      "resolved": "https://registry.npmjs.org/serverless-plugin-warmup/-/serverless-plugin-warmup-5.2.1.tgz",
      "integrity": "sha512-kP/GrrNGsM2IehjNPY+NWPxONFI/Y5AZFphk5ZvY9koMbI0d6TFMs7ZHorrfmzEx2ggjGsxG8VlE7OhmHeLaRA==",
      "dev": true
    }
  }
}
